{
  "requires": true,
  "lockfileVersion": 1,
  "dependencies": {
    "bootstrap": {
      "version": "4.1.3",
      "resolved": "https://registry.npmjs.org/bootstrap/-/bootstrap-4.1.3.tgz",
      "integrity": "sha512-rDFIzgXcof0jDyjNosjv4Sno77X4KuPeFxG2XZZv1/Kc8DRVGVADdoQyyOVDwPqL36DDmtCQbrpMCqvpPLJQ0w=="
    },
    "bootstrap-4-grid": {
      "version": "2.4.1",
      "resolved": "https://registry.npmjs.org/bootstrap-4-grid/-/bootstrap-4-grid-2.4.1.tgz",
      "integrity": "sha512-CNYv91U9wSqjrUHettdacZycWS4hy8yWklwMwtACFGZsQcluVKCidXiBPhgjNv6rER4EhxIjxWFlk+s6wtFnIQ=="
    },
    "font-awesome": {
      "version": "4.7.0",
      "resolved": "https://registry.npmjs.org/font-awesome/-/font-awesome-4.7.0.tgz",
      "integrity": "sha1-j6jPBBGhoxr9B7BtKQK7n8gVoTM="
    },
    "ng2-bootstrap-grid": {
      "version": "0.5.1",
      "resolved": "https://registry.npmjs.org/ng2-bootstrap-grid/-/ng2-bootstrap-grid-0.5.1.tgz",
      "integrity": "sha512-FvU1n8jExEOdaRiYu/huKKeKNV7cbHDxOMKlnv0H/ysrOroy/WKuIw54YYoofpUXwZ07r+vuCmI61zk1Yuwejg=="
    }
  }
}
